
Microsoft Visual Studio Solution File, Format Version 11.00
# Visual Studio 2010
Project("{FAE04EC0-301F-11D3-BF4B-00C04F79EFBC}") = "Amanda", "Amanda\Amanda.csproj", "{29FA98F7-1F4A-4E5A-AF54-4FD4DF0BF456}"
EndProject
Project("{2150E333-8FDC-42A3-9474-1A3956D46DE8}") = ".nuget", ".nuget", "{3F2E365A-B578-4DCF-96D3-A450670373E6}"
	ProjectSection(SolutionItems) = preProject
		.nuget\NuGet.Config = .nuget\NuGet.Config
		.nuget\NuGet.exe = .nuget\NuGet.exe
		.nuget\NuGet.targets = .nuget\NuGet.targets
	EndProjectSection
EndProject
Project("{FAE04EC0-301F-11D3-BF4B-00C04F79EFBC}") = "Amanda_Sample_Project", "Amanda_Sample_Project\Amanda_Sample_Project.csproj", "{745C5294-FA34-4C46-AC48-C2C42F202AF3}"
EndProject
Project("{FAE04EC0-301F-11D3-BF4B-00C04F79EFBC}") = "Amanda.Client", "Aamanda.Client\Amanda.Client.csproj", "{F3B5182A-BE06-4516-B81D-067D9192788E}"
EndProject
Project("{FAE04EC0-301F-11D3-BF4B-00C04F79EFBC}") = "Amanda_Client_Sample_Application", "Amanda_Client_Sample_Application\Amanda_Client_Sample_Application.csproj", "{6EDAC58E-F04F-4B59-84D2-0A83E2FE78E5}"
EndProject
Global
	GlobalSection(SolutionConfigurationPlatforms) = preSolution
		Debug|Any CPU = Debug|Any CPU
		Debug|Mixed Platforms = Debug|Mixed Platforms
		Debug|x86 = Debug|x86
		Release|Any CPU = Release|Any CPU
		Release|Mixed Platforms = Release|Mixed Platforms
		Release|x86 = Release|x86
	EndGlobalSection
	GlobalSection(ProjectConfigurationPlatforms) = postSolution
		{29FA98F7-1F4A-4E5A-AF54-4FD4DF0BF456}.Debug|Any CPU.ActiveCfg = Debug|Any CPU
		{29FA98F7-1F4A-4E5A-AF54-4FD4DF0BF456}.Debug|Any CPU.Build.0 = Debug|Any CPU
		{29FA98F7-1F4A-4E5A-AF54-4FD4DF0BF456}.Debug|Mixed Platforms.ActiveCfg = Debug|Any CPU
		{29FA98F7-1F4A-4E5A-AF54-4FD4DF0BF456}.Debug|Mixed Platforms.Build.0 = Debug|Any CPU
		{29FA98F7-1F4A-4E5A-AF54-4FD4DF0BF456}.Debug|x86.ActiveCfg = Debug|Any CPU
		{29FA98F7-1F4A-4E5A-AF54-4FD4DF0BF456}.Release|Any CPU.ActiveCfg = Release|Any CPU
		{29FA98F7-1F4A-4E5A-AF54-4FD4DF0BF456}.Release|Any CPU.Build.0 = Release|Any CPU
		{29FA98F7-1F4A-4E5A-AF54-4FD4DF0BF456}.Release|Mixed Platforms.ActiveCfg = Release|Any CPU
		{29FA98F7-1F4A-4E5A-AF54-4FD4DF0BF456}.Release|Mixed Platforms.Build.0 = Release|Any CPU
		{29FA98F7-1F4A-4E5A-AF54-4FD4DF0BF456}.Release|x86.ActiveCfg = Release|Any CPU
		{745C5294-FA34-4C46-AC48-C2C42F202AF3}.Debug|Any CPU.ActiveCfg = Debug|Any CPU
		{745C5294-FA34-4C46-AC48-C2C42F202AF3}.Debug|Any CPU.Build.0 = Debug|Any CPU
		{745C5294-FA34-4C46-AC48-C2C42F202AF3}.Debug|Mixed Platforms.ActiveCfg = Debug|Any CPU
		{745C5294-FA34-4C46-AC48-C2C42F202AF3}.Debug|Mixed Platforms.Build.0 = Debug|Any CPU
		{745C5294-FA34-4C46-AC48-C2C42F202AF3}.Debug|x86.ActiveCfg = Debug|Any CPU
		{745C5294-FA34-4C46-AC48-C2C42F202AF3}.Release|Any CPU.ActiveCfg = Release|Any CPU
		{745C5294-FA34-4C46-AC48-C2C42F202AF3}.Release|Any CPU.Build.0 = Release|Any CPU
		{745C5294-FA34-4C46-AC48-C2C42F202AF3}.Release|Mixed Platforms.ActiveCfg = Release|Any CPU
		{745C5294-FA34-4C46-AC48-C2C42F202AF3}.Release|Mixed Platforms.Build.0 = Release|Any CPU
		{745C5294-FA34-4C46-AC48-C2C42F202AF3}.Release|x86.ActiveCfg = Release|Any CPU
		{F3B5182A-BE06-4516-B81D-067D9192788E}.Debug|Any CPU.ActiveCfg = Debug|Any CPU
		{F3B5182A-BE06-4516-B81D-067D9192788E}.Debug|Any CPU.Build.0 = Debug|Any CPU
		{F3B5182A-BE06-4516-B81D-067D9192788E}.Debug|Mixed Platforms.ActiveCfg = Debug|Any CPU
		{F3B5182A-BE06-4516-B81D-067D9192788E}.Debug|Mixed Platforms.Build.0 = Debug|Any CPU
		{F3B5182A-BE06-4516-B81D-067D9192788E}.Debug|x86.ActiveCfg = Debug|Any CPU
		{F3B5182A-BE06-4516-B81D-067D9192788E}.Release|Any CPU.ActiveCfg = Release|Any CPU
		{F3B5182A-BE06-4516-B81D-067D9192788E}.Release|Any CPU.Build.0 = Release|Any CPU
		{F3B5182A-BE06-4516-B81D-067D9192788E}.Release|Mixed Platforms.ActiveCfg = Release|Any CPU
		{F3B5182A-BE06-4516-B81D-067D9192788E}.Release|Mixed Platforms.Build.0 = Release|Any CPU
		{F3B5182A-BE06-4516-B81D-067D9192788E}.Release|x86.ActiveCfg = Release|Any CPU
		{6EDAC58E-F04F-4B59-84D2-0A83E2FE78E5}.Debug|Any CPU.ActiveCfg = Debug|x86
		{6EDAC58E-F04F-4B59-84D2-0A83E2FE78E5}.Debug|Mixed Platforms.ActiveCfg = Debug|x86
		{6EDAC58E-F04F-4B59-84D2-0A83E2FE78E5}.Debug|Mixed Platforms.Build.0 = Debug|x86
		{6EDAC58E-F04F-4B59-84D2-0A83E2FE78E5}.Debug|x86.ActiveCfg = Debug|x86
		{6EDAC58E-F04F-4B59-84D2-0A83E2FE78E5}.Debug|x86.Build.0 = Debug|x86
		{6EDAC58E-F04F-4B59-84D2-0A83E2FE78E5}.Release|Any CPU.ActiveCfg = Release|x86
		{6EDAC58E-F04F-4B59-84D2-0A83E2FE78E5}.Release|Mixed Platforms.ActiveCfg = Release|x86
		{6EDAC58E-F04F-4B59-84D2-0A83E2FE78E5}.Release|Mixed Platforms.Build.0 = Release|x86
		{6EDAC58E-F04F-4B59-84D2-0A83E2FE78E5}.Release|x86.ActiveCfg = Release|x86
		{6EDAC58E-F04F-4B59-84D2-0A83E2FE78E5}.Release|x86.Build.0 = Release|x86
	EndGlobalSection
	GlobalSection(SolutionProperties) = preSolution
		HideSolutionNode = FALSE
	EndGlobalSection
EndGlobal
