
Microsoft Visual Studio Solution File, Format Version 11.00
# Visual Studio 2010
Project("{FAE04EC0-301F-11D3-BF4B-00C04F79EFBC}") = "Amanda.Client", "Amanda.Client\Amanda.Client.csproj", "{F3B5182A-BE06-4516-B81D-067D9192788E}"
EndProject
Project("{FAE04EC0-301F-11D3-BF4B-00C04F79EFBC}") = "Amanda", "Amanda\Amanda.csproj", "{29FA98F7-1F4A-4E5A-AF54-4FD4DF0BF456}"
EndProject
Global
	GlobalSection(SolutionConfigurationPlatforms) = preSolution
		Debug|Any CPU = Debug|Any CPU
		Release|Any CPU = Release|Any CPU
	EndGlobalSection
	GlobalSection(ProjectConfigurationPlatforms) = postSolution
		{F3B5182A-BE06-4516-B81D-067D9192788E}.Debug|Any CPU.ActiveCfg = Debug|Any CPU
		{F3B5182A-BE06-4516-B81D-067D9192788E}.Debug|Any CPU.Build.0 = Debug|Any CPU
		{F3B5182A-BE06-4516-B81D-067D9192788E}.Release|Any CPU.ActiveCfg = Release|Any CPU
		{F3B5182A-BE06-4516-B81D-067D9192788E}.Release|Any CPU.Build.0 = Release|Any CPU
		{29FA98F7-1F4A-4E5A-AF54-4FD4DF0BF456}.Debug|Any CPU.ActiveCfg = Debug|Any CPU
		{29FA98F7-1F4A-4E5A-AF54-4FD4DF0BF456}.Debug|Any CPU.Build.0 = Debug|Any CPU
		{29FA98F7-1F4A-4E5A-AF54-4FD4DF0BF456}.Release|Any CPU.ActiveCfg = Release|Any CPU
		{29FA98F7-1F4A-4E5A-AF54-4FD4DF0BF456}.Release|Any CPU.Build.0 = Release|Any CPU
	EndGlobalSection
	GlobalSection(SolutionProperties) = preSolution
		HideSolutionNode = FALSE
	EndGlobalSection
EndGlobal
